speakeasyVersion: 1.581.0
sources:
    Seqera API:
        sourceNamespace: seqera-api
        sourceRevisionDigest: sha256:fc84dff41de019cd7b5005b17696d7e1034479847aa406b25333c1332e479269
        sourceBlobDigest: sha256:0586bfbf888cac32b3fe1b6c743a19f8e2b75b207ee4e838725beeb1d4e90b6c
        tags:
            - latest
            - 1.45.0
targets:
    seqera:
        source: Seqera API
        sourceNamespace: seqera-api
        sourceRevisionDigest: sha256:fc84dff41de019cd7b5005b17696d7e1034479847aa406b25333c1332e479269
        sourceBlobDigest: sha256:0586bfbf888cac32b3fe1b6c743a19f8e2b75b207ee4e838725beeb1d4e90b6c
workflow:
    workflowVersion: 1.0.0
    speakeasyVersion: latest
    sources:
        Seqera API:
            inputs:
                - location: schemas/seqera-final.yaml
            overlays:
                - location: schemas/overlay.yaml
            output: .speakeasy/out.openapi.yaml
            registry:
                location: registry.speakeasyapi.dev/seqera/seqera/seqera-api
    targets:
        seqera:
            target: terraform
            source: Seqera API
