speakeasyVersion: 1.653.1
sources:
    Seqera API:
        sourceNamespace: seqera-api
        sourceRevisionDigest: sha256:61de9dd47dd5f9e492be549d79bfec2e73e0624320b56824da6f34235b406c34
        sourceBlobDigest: sha256:be45f79299ff79981739594fb6fbfb76a6fcd38702b842657b3884cc01a97d50
        tags:
            - latest
            - 1.56.0
targets:
    seqera:
        source: Seqera API
        sourceNamespace: seqera-api
        sourceRevisionDigest: sha256:61de9dd47dd5f9e492be549d79bfec2e73e0624320b56824da6f34235b406c34
        sourceBlobDigest: sha256:be45f79299ff79981739594fb6fbfb76a6fcd38702b842657b3884cc01a97d50
workflow:
    workflowVersion: 1.0.0
    speakeasyVersion: latest
    sources:
        Seqera API:
            inputs:
                - location: specs/seqera-api-cloud.yaml
            overlays:
                - location: overlays/api-description.yaml
                - location: overlays/speakeasy.yaml
                - location: overlays/required.yaml
                - location: overlays/datalinks.yaml
                - location: overlays/actions.yaml
                - location: overlays/credentials.yaml
                - location: overlays/credentials-aws.yaml
                - location: overlays/credentials-azure.yaml
                - location: overlays/credentials-gcp.yaml
                - location: overlays/credentials-bitbucket.yaml
                - location: overlays/credentials-codecommit.yaml
                - location: overlays/credentials-container-registry.yaml
                - location: overlays/credentials-gitea.yaml
                - location: overlays/credentials-github.yaml
                - location: overlays/credentials-gitlab.yaml
                - location: overlays/credentials-ssh.yaml
                - location: overlays/credentials-tower-agent.yaml
                - location: overlays/credentials-kubernetes.yaml
                - location: overlays/datasource-credentials.yaml
                - location: overlays/datasource-datalinks.yaml
                - location: overlays/compute-env.yaml
                - location: overlays/compute-env-aws-batch.yaml
                - location: overlays/aws-compute-env.yaml
                - location: overlays/datasets.yaml
                - location: overlays/labels.yaml
                - location: overlays/orgs.yaml
                - location: overlays/pipeline-secrets.yaml
                - location: overlays/pipelines.yaml
                - location: overlays/studios.yaml
                - location: overlays/teams.yaml
                - location: overlays/tokens.yaml
                - location: overlays/workflows.yaml
                - location: overlays/workspaces.yaml
                - location: overlays/users.yaml
                - location: overlays/schema-fixes.yaml
                - location: overlays/primary-compute-env.yaml
            output: .speakeasy/out.openapi.yaml
            registry:
                location: registry.speakeasyapi.dev/seqera/seqera/seqera-api
    targets:
        seqera:
            target: terraform
            source: Seqera API
