speakeasyVersion: 1.594.0
sources:
    Seqera API:
        sourceNamespace: seqera-api
        sourceRevisionDigest: sha256:f60a1cad90a8f339ddc102aabd2bb062026f79d2e1fda77a27c5b68fc2ad0fbe
        sourceBlobDigest: sha256:08fbf5f01817387d40564001013e2adc67ed12284913a862712ac7fc63b16415
        tags:
            - latest
            - feat-workflows-auto-run-speakeasy
            - 1.56.0
targets:
    seqera:
        source: Seqera API
        sourceNamespace: seqera-api
        sourceRevisionDigest: sha256:f60a1cad90a8f339ddc102aabd2bb062026f79d2e1fda77a27c5b68fc2ad0fbe
        sourceBlobDigest: sha256:08fbf5f01817387d40564001013e2adc67ed12284913a862712ac7fc63b16415
workflow:
    workflowVersion: 1.0.0
    speakeasyVersion: latest
    sources:
        Seqera API:
            inputs:
                - location: specs/seqera-api-cloud.yaml
            overlays:
                - location: overlays/speakeasy.yaml
                - location: overlays/required.yaml
                - location: overlays/schema-descriptions.yaml
                - location: overlays/schema-field-descriptions.yaml
                - location: overlays/request-examples.yaml
                - location: overlays/validators.yaml
                - location: overlays/retry.yaml
            output: .speakeasy/out.openapi.yaml
            registry:
                location: registry.speakeasyapi.dev/seqera/seqera/seqera-api
    targets:
        seqera:
            target: terraform
            source: Seqera API
